
Microsoft Visual Studio Solution File, Format Version 12.00
# Visual Studio Version 17
VisualStudioVersion = 17.9.34902.65
MinimumVisualStudioVersion = 10.0.40219.1
Project("{FAE04EC0-301F-11D3-BF4B-00C04F79EFBC}") = "BlazorAppWithDocker", "BlazorAppWithDocker\BlazorAppWithDocker.csproj", "{6460E180-DD64-41A6-B43F-2B7DED301272}"
EndProject
Global
	GlobalSection(SolutionConfigurationPlatforms) = preSolution
		Debug|Any CPU = Debug|Any CPU
		Release|Any CPU = Release|Any CPU
	EndGlobalSection
	GlobalSection(ProjectConfigurationPlatforms) = postSolution
		{6460E180-DD64-41A6-B43F-2B7DED301272}.Debug|Any CPU.ActiveCfg = Debug|Any CPU
		{6460E180-DD64-41A6-B43F-2B7DED301272}.Debug|Any CPU.Build.0 = Debug|Any CPU
		{6460E180-DD64-41A6-B43F-2B7DED301272}.Release|Any CPU.ActiveCfg = Release|Any CPU
		{6460E180-DD64-41A6-B43F-2B7DED301272}.Release|Any CPU.Build.0 = Release|Any CPU
	EndGlobalSection
	GlobalSection(SolutionProperties) = preSolution
		HideSolutionNode = FALSE
	EndGlobalSection
	GlobalSection(ExtensibilityGlobals) = postSolution
		SolutionGuid = {41B613F2-4960-4F97-B06B-DC7624A4FCD1}
	EndGlobalSection
EndGlobal
